version = 1
revision = 2
requires-python = ">=3.12"

[[package]]
name = "beautifulsoup4"
version = "4.15.0"
source = { registry = "https://pypi.org/simple" }
dependencies = [
    { name = "soupsieve" },
    { name = "typing-extensions" },
]
sdist = { url = "https://files.pythonhosted.org/packages/43/65/318323f98dbee45d42dff61d8f047181bc6f2268a9068cfad035a46be5af/beautifulsoup4-4.15.0.tar.gz", hash = "sha256:288e3ca7d54b06f2ac191970bc275c1939cb46d450b255bf6718b04aa37ab4f7", size = 632571, upload-time = "2026-06-07T16:44:20.453Z" }
wheels = [
    { url = "https://files.pythonhosted.org/packages/88/c6/92fcd42f1ba33e1184263f25bfabf3d27c383410470f169e4b8163bf9c17/beautifulsoup4-4.15.0-py3-none-any.whl", hash = "sha256:d6f88de62e1d4e38ecb1077eb9724cd0eff29d2a08ca16a401e9b9e93f117cf9", size = 109924, upload-time = "2026-06-07T16:44:21.566Z" },
]

[[package]]
name = "colorama"
version = "0.4.6"
source = { registry = "https://pypi.org/simple" }
sdist = { url = "https://files.pythonhosted.org/packages/d8/53/6f443c9a4a8358a93a6792e2acffb9d9d5cb0a5cfd8802644b7b1c9a02e4/colorama-0.4.6.tar.gz", hash = "sha256:08695f5cb7ed6e0531a20572697297273c47b8cae5a63ffc6d6ed5c201be6e44", size = 27697, upload-time = "2022-10-25T02:36:22.414Z" }
wheels = [
    { url = "https://files.pythonhosted.org/packages/d1/d6/3965ed04c63042e047cb6a3e6ed1a63a35087b6a609aa3a15ed8ac56c221/colorama-0.4.6-py2.py3-none-any.whl", hash = "sha256:4f1d9991f5acc0ca119f9d443620b77f9d6b33703e51011c16baf57afb285fc6", size = 25335, upload-time = "2022-10-25T02:36:20.889Z" },
]

[[package]]
name = "coverage"
version = "7.15.0"
source = { registry = "https://pypi.org/simple" }
sdist = { url = "https://files.pythonhosted.org/packages/cc/8b/adeb62ea8951f13c4c7fef2e7a85e1a06b499c8d8237ea589d496029e53f/coverage-7.15.0.tar.gz", hash = "sha256:9ac3fe7a1435986463eaa8ee253ae2f2a268709ba4ae5c7dd1f52a05391ad78f", size = 925362, upload-time = "2026-07-02T13:10:50.535Z" }
wheels = [
    { url = "https://files.pythonhosted.org/packages/2a/74/fd4c0901137c4f8d81a76ada99e43c65163b4c94a02ece107a4ec0c6b615/coverage-7.15.0-cp312-cp312-macosx_10_13_x86_64.whl", hash = "sha256:b75ee5e8cb7575636ac598719b4307ac529ec8fcd79608a35c3cd4d4dada812d", size = 220838, upload-time = "2026-07-02T13:09:02.084Z" },
    { url = "https://files.pythonhosted.org/packages/0f/2e/2347583467bd7f0402635101a916961915cc68fce652cd0db5f173ea04fc/coverage-7.15.0-cp312-cp312-macosx_11_0_arm64.whl", hash = "sha256:ffb31267816b93b075302248cc1737506081b4f163df4401e9df1a6424aafabe", size = 221197, upload-time = "2026-07-02T13:09:03.617Z" },
    { url = "https://files.pythonhosted.org/packages/f0/17/99fa688541ae1d6e84543a0e544f83de0c944815b63e9e7b1ed411d15036/coverage-7.15.0-cp312-cp312-manylinux1_i686.manylinux_2_28_i686.manylinux_2_5_i686.whl", hash = "sha256:e4d0bb73455bf97ab243a8f12c37c686ccf1c13bb614b7b85f1d062f06f42b2c", size = 252705, upload-time = "2026-07-02T13:09:05.059Z" },
    { url = "https://files.pythonhosted.org/packages/fb/02/6a95a5cd83b74839017ef9cf48d2d8c9ae60af919e17a3f336e6f9f1b7bd/coverage-7.15.0-cp312-cp312-manylinux1_x86_64.manylinux_2_28_x86_64.manylinux_2_5_x86_64.whl", hash = "sha256:20d9ccc4ebd0edc434d86dfd2a1dd2a8efa6b6b3073d0485a394fee86459ebb4", size = 255441, upload-time = "2026-07-02T13:09:06.559Z" },
    { url = "https://files.pythonhosted.org/packages/67/f2/406f6c57d600f68185942422c4c00f1a3255d60aee6e5fd961425cd9987e/coverage-7.15.0-cp312-cp312-manylinux2014_aarch64.manylinux_2_17_aarch64.manylinux_2_28_aarch64.whl", hash = "sha256:20c8a976c365c8cb12f0cbd099508772ea41fb5fa80657a8506df0e11bd278c5", size = 256556, upload-time = "2026-07-02T13:09:08.197Z" },
    { url = "https://files.pythonhosted.org/packages/74/8e/d3fa48489c15ecdec1ba48fd61f68798555dddd2f6716f9ad42adeb1a2a9/coverage-7.15.0-cp312-cp312-manylinux2014_ppc64le.manylinux_2_17_ppc64le.manylinux_2_28_ppc64le.whl", hash = "sha256:f948fd5ba1b9cbca91f0ae08b4c1ce2b139509149a435e2585d056d57d70bf01", size = 258815, upload-time = "2026-07-02T13:09:09.691Z" },
    { url = "https://files.pythonhosted.org/packages/47/2e/2d40ddd110462c6a2769677cf7f1c119a52b45f568978fc6c98e4cc0dd0f/coverage-7.15.0-cp312-cp312-manylinux_2_31_riscv64.manylinux_2_39_riscv64.whl", hash = "sha256:f58185f06edf6ad68ec9fb155d63ef650c82f3fbd7e1770e2867751fb13158f4", size = 253117, upload-time = "2026-07-02T13:09:11.212Z" },
    { url = "https://files.pythonhosted.org/packages/51/c0/310782f0d7c3cb2b5ac05ba8d205fe91f24a36f6bf3256098f1782181c38/coverage-7.15.0-cp312-cp312-musllinux_1_2_aarch64.whl", hash = "sha256:02adc79a920c73c647c5d117f55747df7f2de94571884758ce8bc58e04f0a796", size = 254475, upload-time = "2026-07-02T13:09:13.029Z" },
    { url = "https://files.pythonhosted.org/packages/86/f7/702da6c275f8ae6ade423d2877243122932c9b27f5403003b9ef8c927d12/coverage-7.15.0-cp312-cp312-musllinux_1_2_i686.whl", hash = "sha256:6eb7c300fbed667fd6e3588eba71c1904cdb06110ca6fdf908c26bdd88b8e382", size = 252619, upload-time = "2026-07-02T13:09:14.699Z" },
    { url = "https://files.pythonhosted.org/packages/fb/84/c5b15a7e5ecba4e56218d772d99fe80a63e63f8d11f12783723a6005ab45/coverage-7.15.0-cp312-cp312-musllinux_1_2_ppc64le.whl", hash = "sha256:b5fb23fa2de9dce1f5c36c09066d8fcda16cd96e8e26686caa2d7cb9b567d65c", size = 256689, upload-time = "2026-07-02T13:09:16.103Z" },
    { url = "https://files.pythonhosted.org/packages/95/2f/c8b07559b57701230c61b23a953858c052890c12ef568d81780c6c46e92e/coverage-7.15.0-cp312-cp312-musllinux_1_2_riscv64.whl", hash = "sha256:cec79341dbe6281484024979976d0c7f22beae08b4a254655decd25d42cbe766", size = 252189, upload-time = "2026-07-02T13:09:17.828Z" },
    { url = "https://files.pythonhosted.org/packages/6b/80/6d2f049dd3fd3dbfd60b62ba6b2162a04009e2c002ce70b24cf3878dec7a/coverage-7.15.0-cp312-cp312-musllinux_1_2_x86_64.whl", hash = "sha256:6c664c5444b1d970b1b2a450e21fb19ee5c9cfdf151ded2dda37260031cca0da", size = 254059, upload-time = "2026-07-02T13:09:19.304Z" },
    { url = "https://files.pythonhosted.org/packages/ce/92/b0287a2c42031d25c628f815f89a3cd9f8268ee78bb1252c9356cda1c689/coverage-7.15.0-cp312-cp312-win32.whl", hash = "sha256:5f764a3fa339bde6b3aa97657f5a6a3a9451e4a5b4ea98a2892c773a43525f77", size = 222893, upload-time = "2026-07-02T13:09:20.812Z" },
    { url = "https://files.pythonhosted.org/packages/a9/69/e34c481915fecb499b3146975061dac528752e37706edc1804f32c822469/coverage-7.15.0-cp312-cp312-win_amd64.whl", hash = "sha256:52f9a4d2c4c56c8848bc2f524916698354b0211488b38c49ad9ae54f6cafbff6", size = 223429, upload-time = "2026-07-02T13:09:22.315Z" },
    { url = "https://files.pythonhosted.org/packages/fe/98/6e878f0b571d32684ef3f38d7c03db241ca5b82a5da8a5391596a8f209c4/coverage-7.15.0-cp312-cp312-win_arm64.whl", hash = "sha256:31e5c3e70c85307ea35a12964e2e40f56ca2ee4b1c8c721ccf4609d17071080b", size = 222810, upload-time = "2026-07-02T13:09:23.812Z" },
    { url = "https://files.pythonhosted.org/packages/76/04/145a3748098bcc86b631a85408d2c3dc5c104e0bd86d605468239b25b6c4/coverage-7.15.0-cp313-cp313-macosx_10_13_x86_64.whl", hash = "sha256:5be4caf3b28836f078abe700f8944dac4a65d78f16d6c600c89cb624e5535782", size = 220863, upload-time = "2026-07-02T13:09:25.371Z" },
    { url = "https://files.pythonhosted.org/packages/a4/5c/4ed55708fed2c64b63c9bc5715daef670872202101938869b7fe5d5fbb8f/coverage-7.15.0-cp313-cp313-macosx_11_0_arm64.whl", hash = "sha256:dd58ad1404704303ca8d4f4b8a1095e7cbc7040ef17a66df1e6619aa10176430", size = 221230, upload-time = "2026-07-02T13:09:26.897Z" },
    { url = "https://files.pythonhosted.org/packages/7b/19/3a80b97d3b2a5c77a01ae359c6bed20c13738fe3d9380f08616d4fec0281/coverage-7.15.0-cp313-cp313-manylinux1_i686.manylinux_2_28_i686.manylinux_2_5_i686.whl", hash = "sha256:bbcbb317c2e5ded5b21104af81c29f391be2af98d065693ffbe8d23949b948e5", size = 252227, upload-time = "2026-07-02T13:09:28.543Z" },
    { url = "https://files.pythonhosted.org/packages/a1/fa/b70062750686bd7da454da27927622f48bbac6990ac7a4c4a4653e7b0036/coverage-7.15.0-cp313-cp313-manylinux1_x86_64.manylinux_2_28_x86_64.manylinux_2_5_x86_64.whl", hash = "sha256:27f31ecb458da3f859aab3f15ada871eb7a7768807d88df4a9f186bb17737970", size = 254823, upload-time = "2026-07-02T13:09:30.177Z" },
    { url = "https://files.pythonhosted.org/packages/a9/09/dad6a75a2e561b9dc5086a8c5257a7591d584246f67e23e70d2995b89ab6/coverage-7.15.0-cp313-cp313-manylinux2014_aarch64.manylinux_2_17_aarch64.manylinux_2_28_aarch64.whl", hash = "sha256:13fb759be317fdc62e0f56bffdf61cfcb45c7761ad6b71e3e583e71a67ae753c", size = 256059, upload-time = "2026-07-02T13:09:31.979Z" },
    { url = "https://files.pythonhosted.org/packages/e6/e7/b5d2941fa9564573d44b693a871ff3156f0c42cbefe977a09fa7fdc59971/coverage-7.15.0-cp313-cp313-manylinux2014_ppc64le.manylinux_2_17_ppc64le.manylinux_2_28_ppc64le.whl", hash = "sha256:d5cf007add5ab4bb8fa9f4c77e3732127c9e6cad501d7db43355fbfafca0be84", size = 258190, upload-time = "2026-07-02T13:09:34.035Z" },
    { url = "https://files.pythonhosted.org/packages/7c/1d/8e895bcde3c57ccd46d896dda5f2b3d5df761a1b0c6c9d450d175dedc632/coverage-7.15.0-cp313-cp313-manylinux_2_31_riscv64.manylinux_2_39_riscv64.whl", hash = "sha256:cc78d9843bd576fbe2118248258d485e968dc535f95ed504a7b0867ba9b51389", size = 252456, upload-time = "2026-07-02T13:09:35.765Z" },
    { url = "https://files.pythonhosted.org/packages/14/4c/f6997da343ddeb959be82c3b05322793f92c071ad45f7cb8a96336e2dd5f/coverage-7.15.0-cp313-cp313-musllinux_1_2_aarch64.whl", hash = "sha256:a263060f1de0b4b74b4e089c2a70b8003b3781c733329a9c8fd54995328f9950", size = 254192, upload-time = "2026-07-02T13:09:37.445Z" },
    { url = "https://files.pythonhosted.org/packages/17/27/a0bc09d032267b9da89d95a2d874cfbef2a5aebbf0e87cf7aba221d79a99/coverage-7.15.0-cp313-cp313-musllinux_1_2_i686.whl", hash = "sha256:c48decf16e0dfd5b049c7d5e82200c23c08126719142998d4f172444e3d0529e", size = 252153, upload-time = "2026-07-02T13:09:39.422Z" },
    { url = "https://files.pythonhosted.org/packages/54/c0/77fc233d9fba07b244c40948c53fe27308b8f21732fb3417f87fbd6fd992/coverage-7.15.0-cp313-cp313-musllinux_1_2_ppc64le.whl", hash = "sha256:08fb028000ed0aaa0a4cbdfbb98be7cb42f370db973fbbb469733505ab20e13e", size = 256310, upload-time = "2026-07-02T13:09:41.006Z" },
    { url = "https://files.pythonhosted.org/packages/d5/24/601cecfb5825becacb8d45219a018a3b55b9dbaec624efdb0ea249d08be2/coverage-7.15.0-cp313-cp313-musllinux_1_2_riscv64.whl", hash = "sha256:fb7dc0c3b7d8a1077abea0b8546ebc5e26d6ef6ecefc2f0f5ad2b8a53bdad837", size = 251974, upload-time = "2026-07-02T13:09:42.733Z" },
    { url = "https://files.pythonhosted.org/packages/47/1e/6f45e5a5b3d5484318d368702af6716b5ab8913b0428bec981a562fcf296/coverage-7.15.0-cp313-cp313-musllinux_1_2_x86_64.whl", hash = "sha256:6cb3602054ccbe9f0d8c2dc04bbeba90d5719236e2cd06e042ddd6d3fc7b6e37", size = 253745, upload-time = "2026-07-02T13:09:44.376Z" },
    { url = "https://files.pythonhosted.org/packages/8e/db/4df027a77bd11d0e527f44c53557c76e54ad027413d0304252ea3a78d67e/coverage-7.15.0-cp313-cp313-win32.whl", hash = "sha256:0bf781da64326b677be344df505171435b6f58716108606621d5d27d964fff8b", size = 222902, upload-time = "2026-07-02T13:09:46.122Z" },
    { url = "https://files.pythonhosted.org/packages/a0/10/0355894d34e231f2c5449e71287e81a50793a325df2e2b027b7bcd9dfd19/coverage-7.15.0-cp313-cp313-win_amd64.whl", hash = "sha256:2c57a275078ee3fa185f83e400f765bc764a549de66d99b47881645cbd4ea629", size = 223444, upload-time = "2026-07-02T13:09:47.687Z" },
    { url = "https://files.pythonhosted.org/packages/06/ef/bb725f263befaaff851203ab338e68af15e195d7f7b5f323162532d9b6a8/coverage-7.15.0-cp313-cp313-win_arm64.whl", hash = "sha256:3812c61afc6685c7999b39320779ab8f43b7a3081fdb0def39976e56fbdb9a21", size = 222839, upload-time = "2026-07-02T13:09:49.717Z" },
    { url = "https://files.pythonhosted.org/packages/4f/9c/1e3ca54f72a3185ece06c58d871099898c48f0ed6430d17b6ab75f0d180a/coverage-7.15.0-cp314-cp314-macosx_10_15_x86_64.whl", hash = "sha256:41cb79af843222e11da87127ad0ecbfa878abadd0f770a4a99391a27d3887324", size = 220906, upload-time = "2026-07-02T13:09:51.339Z" },
    { url = "https://files.pythonhosted.org/packages/09/37/f718613d83b274880382f6b67e78f3802549ae39b0b3e65ae5b5974df56e/coverage-7.15.0-cp314-cp314-macosx_11_0_arm64.whl", hash = "sha256:7d2008989ef8fe54188d3f3bfa2e3099b025af11e90a6a1b9e7dc433d04263d8", size = 221239, upload-time = "2026-07-02T13:09:53.138Z" },
    { url = "https://files.pythonhosted.org/packages/a7/ce/22bae91e0b75445f68d365c7643ed0aa4880bbf77450ee74ca65bdae53a7/coverage-7.15.0-cp314-cp314-manylinux1_i686.manylinux_2_28_i686.manylinux_2_5_i686.whl", hash = "sha256:769e8ece11a596315ebf5aa7ec383aeeed016c091d2bf6363ffb996d41529092", size = 252286, upload-time = "2026-07-02T13:09:54.996Z" },
    { url = "https://files.pythonhosted.org/packages/dd/1e/bec5e32aa508615d9d7a2790effb25fb4dc28606e995816afe400b25ece3/coverage-7.15.0-cp314-cp314-manylinux1_x86_64.manylinux_2_28_x86_64.manylinux_2_5_x86_64.whl", hash = "sha256:65a6b6164ee5c39e2f3803f314292d6c61a607ba7fee253d1e03c42dc3903502", size = 254789, upload-time = "2026-07-02T13:09:56.678Z" },
    { url = "https://files.pythonhosted.org/packages/17/29/0e865435b4354e4a7c03b1b7920046d31d0a273d55decefea27e011cb9bf/coverage-7.15.0-cp314-cp314-manylinux2014_aarch64.manylinux_2_17_aarch64.manylinux_2_28_aarch64.whl", hash = "sha256:75128817f95a5c45bb01d65fd2d8b9cb54bbe03d81608fb70e3e14b437ad56c2", size = 256135, upload-time = "2026-07-02T13:09:58.343Z" },
    { url = "https://files.pythonhosted.org/packages/84/ff/33a870b58a13325d62fc0a6c8f01fa0ff667cef60c7498e2382a147dfa18/coverage-7.15.0-cp314-cp314-manylinux2014_ppc64le.manylinux_2_17_ppc64le.manylinux_2_28_ppc64le.whl", hash = "sha256:9887bb428fe2d4cd4bee89bac1a6c9932f484afd5b36fbd4ff6ea5f825bb1f5e", size = 258449, upload-time = "2026-07-02T13:10:00.057Z" },
    { url = "https://files.pythonhosted.org/packages/18/7b/6fffe596bf3ddba8462758d02c5dad730fd91055a6634aa2e4226229181a/coverage-7.15.0-cp314-cp314-manylinux_2_31_riscv64.manylinux_2_39_riscv64.whl", hash = "sha256:0bfc0be1f702042207a93a00523b1065ee1fe951e96edf311581c0bbc2e34888", size = 252313, upload-time = "2026-07-02T13:10:01.946Z" },
    { url = "https://files.pythonhosted.org/packages/58/1b/11468dd6c1676ab831a70cb9a8d4e198e8607fa0b7220ab918b73fe9bfbd/coverage-7.15.0-cp314-cp314-musllinux_1_2_aarch64.whl", hash = "sha256:f64627d55def5a43282d70e08396672692f77e4da610a5bb8bb4060b432b6859", size = 254142, upload-time = "2026-07-02T13:10:04.065Z" },
    { url = "https://files.pythonhosted.org/packages/79/41/29328e21d16b1b95092c30dd700e08cf915bd3734f836df8f3bdb0e8fa9f/coverage-7.15.0-cp314-cp314-musllinux_1_2_i686.whl", hash = "sha256:2c6f0fa473003905c6d5bac328ee4eba9fbea654f15bc24b8a3274b23363fa99", size = 252108, upload-time = "2026-07-02T13:10:06.11Z" },
    { url = "https://files.pythonhosted.org/packages/9b/de/05ccfb990439655b35afbfd8e0d13fe66677565a7d4eb38c3f5ef2635e1c/coverage-7.15.0-cp314-cp314-musllinux_1_2_ppc64le.whl", hash = "sha256:2bcf9afaf064172c6ec3c58a325a9957ad1178c05dd934e25f253321776e0676", size = 256385, upload-time = "2026-07-02T13:10:08.141Z" },
    { url = "https://files.pythonhosted.org/packages/51/0e/486828a3d2695ea7a2609f17ff572f6b01905e608379440a11da4b8dffbe/coverage-7.15.0-cp314-cp314-musllinux_1_2_riscv64.whl", hash = "sha256:baf06bc987115d6fb938d403f7eab684a057766c490367999a2b71a6883110c6", size = 251923, upload-time = "2026-07-02T13:10:10.179Z" },
    { url = "https://files.pythonhosted.org/packages/18/c7/03582b6715f078e5e558354c87616d945b9894cda2dace8e4009b17035e4/coverage-7.15.0-cp314-cp314-musllinux_1_2_x86_64.whl", hash = "sha256:f0405f2ff97b1c4c0e782cb32e02f32369bcf2e6b618b591d67e1ea754575dfe", size = 253580, upload-time = "2026-07-02T13:10:12.052Z" },
    { url = "https://files.pythonhosted.org/packages/db/dc/9e578bbaf2ecb4959a81b7e7601ad8cca772cba2892e8d144cb749b4a71a/coverage-7.15.0-cp314-cp314-win32.whl", hash = "sha256:ab282853ed5fbd64bbb162f19cb8fcb7087187508a6374b4f9c34ec1577c4e8f", size = 223107, upload-time = "2026-07-02T13:10:13.994Z" },
    { url = "https://files.pythonhosted.org/packages/ae/3e/c8c3b75d8dbe0e35f7b0cc3ff5e949fc59500f70b21d0398813f66740664/coverage-7.15.0-cp314-cp314-win_amd64.whl", hash = "sha256:3bb3040e9f4bbe26fcb0cd7cc85ac63e630d3f3a9c74f027abf4caa27e706663", size = 223597, upload-time = "2026-07-02T13:10:15.906Z" },
    { url = "https://files.pythonhosted.org/packages/cd/bc/3cbc9fb036eb388519bccd521f783499c39b64256013fbc362782f196fe1/coverage-7.15.0-cp314-cp314-win_arm64.whl", hash = "sha256:346771144d34f7fa84ec28386f78e0f31653f33cf35e19d253d5b35f9e8201da", size = 223020, upload-time = "2026-07-02T13:10:17.844Z" },
    { url = "https://files.pythonhosted.org/packages/28/00/199c4a8d656dff63102577a056c0fce2ff6a79e40adac092fc986c49cbf1/coverage-7.15.0-cp314-cp314t-macosx_10_15_x86_64.whl", hash = "sha256:d34a010905fb6401324ba016b5da03d574967f7b21ce48ea41e66f0f1f95f641", size = 221638, upload-time = "2026-07-02T13:10:19.703Z" },
    { url = "https://files.pythonhosted.org/packages/ba/8e/9d0092c96a3d3a26951ecc7020826aa57bcb1b119ca81acbba996884ab13/coverage-7.15.0-cp314-cp314t-macosx_11_0_arm64.whl", hash = "sha256:bb25d825d885ca8036795dacfc3924d33091fc76d71ebc99420c6b79e77d96fa", size = 221903, upload-time = "2026-07-02T13:10:21.514Z" },
    { url = "https://files.pythonhosted.org/packages/6d/b4/c0ca3028f42c9a08e51feb4561ef1192e5de99797cd1db5b04590c215bda/coverage-7.15.0-cp314-cp314t-manylinux1_i686.manylinux_2_28_i686.manylinux_2_5_i686.whl", hash = "sha256:94c9686bfe8a9a6810297aecbd99beaa3445f9e8dc2f80b1382cca0d86b64461", size = 263267, upload-time = "2026-07-02T13:10:23.261Z" },
    { url = "https://files.pythonhosted.org/packages/5f/aa/a375e3846e5d3c013dc600b2a3231089055c73d77f5393dd2192a8d64da6/coverage-7.15.0-cp314-cp314t-manylinux1_x86_64.manylinux_2_28_x86_64.manylinux_2_5_x86_64.whl", hash = "sha256:9bd671c25f9d85f09d7ec481d0e43d5139f486c06a37139847a7ce569788af72", size = 265390, upload-time = "2026-07-02T13:10:25.152Z" },
    { url = "https://files.pythonhosted.org/packages/92/e1/5783cdabb797305e1c9e4809fea496d31834c51fa772514f73dc148bcfc9/coverage-7.15.0-cp314-cp314t-manylinux2014_aarch64.manylinux_2_17_aarch64.manylinux_2_28_aarch64.whl", hash = "sha256:110cbdf8d2e216577312cf06ccf85539c0e5a5420ef747e4a4719b5e483c88cd", size = 267811, upload-time = "2026-07-02T13:10:27.249Z" },
    { url = "https://files.pythonhosted.org/packages/85/31/96d8bbf58b8e9193bc8389574a91a0db48355ee98feb66aa6bf8d1b32eea/coverage-7.15.0-cp314-cp314t-manylinux2014_ppc64le.manylinux_2_17_ppc64le.manylinux_2_28_ppc64le.whl", hash = "sha256:2c5d4619214f1d9993e7b00a8600d14614b7e9d84e89507460b126aa5e6559e5", size = 268928, upload-time = "2026-07-02T13:10:29.242Z" },
    { url = "https://files.pythonhosted.org/packages/5e/7a/5294567e811a1cb7eda93140c628fa050d66189da28da320f93d1d815c73/coverage-7.15.0-cp314-cp314t-manylinux_2_31_riscv64.manylinux_2_39_riscv64.whl", hash = "sha256:781a704516e2d8346fbbd5be6c6f3412dd824785146528b3a01816f26c081007", size = 262378, upload-time = "2026-07-02T13:10:31.107Z" },
    { url = "https://files.pythonhosted.org/packages/69/3f/3f48538421f899f28946f90a3d272136a4686e1abf461cc9249a783ee0f3/coverage-7.15.0-cp314-cp314t-musllinux_1_2_aarch64.whl", hash = "sha256:bd4a1b44bcb65ee29e947ac92bbee04956df3a6bfc6143641bb6cae7ede00fc9", size = 265263, upload-time = "2026-07-02T13:10:32.942Z" },
    { url = "https://files.pythonhosted.org/packages/ce/d3/092df15efcab8a9c1467ee960eb8019bbad3f9300d115d89ea6195f369ff/coverage-7.15.0-cp314-cp314t-musllinux_1_2_i686.whl", hash = "sha256:0e4950c9d6d3e39c64c991814ff315e2d0b9cb8152363594212c9e55208c0a8f", size = 262866, upload-time = "2026-07-02T13:10:35.104Z" },
    { url = "https://files.pythonhosted.org/packages/e5/ab/0254d2b88665efb2c57ad368cc77ab5de3435bd8d5add4729c1b0e79431e/coverage-7.15.0-cp314-cp314t-musllinux_1_2_ppc64le.whl", hash = "sha256:fe9c87ff42e5472d80d21704972e1f96e104a0a599d77c5e35db5a3c562e2571", size = 266599, upload-time = "2026-07-02T13:10:37.05Z" },
    { url = "https://files.pythonhosted.org/packages/a8/79/1cfa4023e489ce6fbc7be4a5d442dbc375edb4f4fda39a352cedb53263c2/coverage-7.15.0-cp314-cp314t-musllinux_1_2_riscv64.whl", hash = "sha256:f00d5ae1dd2fe13fb8186e3e7d37bcbd8b25c0d764ff7d1b32cef9be058510a8", size = 261714, upload-time = "2026-07-02T13:10:38.966Z" },
    { url = "https://files.pythonhosted.org/packages/b7/eb/fee5c8665656be63f497418d410484637c438172568688e8ac92e06574e7/coverage-7.15.0-cp314-cp314t-musllinux_1_2_x86_64.whl", hash = "sha256:363ab38cc78b615f11c9cac3cf1d7eef950c18b9fdedfb9066f59461dcf84d68", size = 264025, upload-time = "2026-07-02T13:10:40.789Z" },
    { url = "https://files.pythonhosted.org/packages/ab/99/63005db722f91edc81abc16302f9cc2f6228c1679e46e15be9ae144b14d0/coverage-7.15.0-cp314-cp314t-win32.whl", hash = "sha256:54fd9c53a5fafff509195f1b6a3f9be615d8e8362a3629ff1de23d270c03c86b", size = 223413, upload-time = "2026-07-02T13:10:42.597Z" },
    { url = "https://files.pythonhosted.org/packages/c1/e8/2bc6181c4fb06f1a6b981eb85330cc57bfad7e3f710fc9c9d350013ba228/coverage-7.15.0-cp314-cp314t-win_amd64.whl", hash = "sha256:87b47553097ba185ed964866078e7e63adea9f5f51b5f39691c34f30afd21080", size = 224245, upload-time = "2026-07-02T13:10:44.47Z" },
    { url = "https://files.pythonhosted.org/packages/79/b8/4d959bf9cc45d0cfed2f4d35cafcab978cdb6ea02eb5100009cd740632a3/coverage-7.15.0-cp314-cp314t-win_arm64.whl", hash = "sha256:aeefb2dd178fe7eee79f0ad25d75855cb35ee9ed472db2c5ea06f5b4fd00cec5", size = 223558, upload-time = "2026-07-02T13:10:46.368Z" },
    { url = "https://files.pythonhosted.org/packages/52/30/21b2ad45959cd50e909e02ebac1e30b4ceb7162e91c11d4c570223a458b7/coverage-7.15.0-py3-none-any.whl", hash = "sha256:56da6a4cbe8f7e9e80bd072ca9cefe67d7106a440a7ec06519ec6507ac94ad19", size = 212632, upload-time = "2026-07-02T13:10:48.641Z" },
]

[[package]]
name = "deckset-presentations"
version = "0.1.0"
source = { editable = "." }
dependencies = [
    { name = "jinja2" },
    { name = "markdown" },
]

[package.optional-dependencies]
dev = [
    { name = "pytest" },
    { name = "pytest-cov" },
]

[package.dev-dependencies]
dev = [
    { name = "beautifulsoup4" },
    { name = "pytest" },
    { name = "pytest-cov" },
]

[package.metadata]
requires-dist = [
    { name = "jinja2", specifier = ">=3.1.6" },
    { name = "markdown", specifier = ">=3.10.2" },
    { name = "pytest", marker = "extra == 'dev'", specifier = ">=9.1.1" },
    { name = "pytest-cov", marker = "extra == 'dev'", specifier = ">=7.1.0" },
]
provides-extras = ["dev"]

[package.metadata.requires-dev]
dev = [
    { name = "beautifulsoup4", specifier = ">=4.15.0" },
    { name = "pytest", specifier = ">=9.1.1" },
    { name = "pytest-cov", specifier = ">=7.1.0" },
]

[[package]]
name = "iniconfig"
version = "2.1.0"
source = { registry = "https://pypi.org/simple" }
sdist = { url = "https://files.pythonhosted.org/packages/f2/97/ebf4da567aa6827c909642694d71c9fcf53e5b504f2d96afea02718862f3/iniconfig-2.1.0.tar.gz", hash = "sha256:3abbd2e30b36733fee78f9c7f7308f2d0050e88f0087fd25c2645f63c773e1c7", size = 4793, upload-time = "2025-03-19T20:09:59.721Z" }
wheels = [
    { url = "https://files.pythonhosted.org/packages/2c/e1/e6716421ea10d38022b952c159d5161ca1193197fb744506875fbb87ea7b/iniconfig-2.1.0-py3-none-any.whl", hash = "sha256:9deba5723312380e77435581c6bf4935c94cbfab9b1ed33ef8d238ea168eb760", size = 6050, upload-time = "2025-03-19T20:10:01.071Z" },
]

[[package]]
name = "jinja2"
version = "3.1.6"
source = { registry = "https://pypi.org/simple" }
dependencies = [
    { name = "markupsafe" },
]
sdist = { url = "https://files.pythonhosted.org/packages/df/bf/f7da0350254c0ed7c72f3e33cef02e048281fec7ecec5f032d4aac52226b/jinja2-3.1.6.tar.gz", hash = "sha256:0137fb05990d35f1275a587e9aee6d56da821fc83491a0fb838183be43f66d6d", size = 245115, upload-time = "2025-03-05T20:05:02.478Z" }
wheels = [
    { url = "https://files.pythonhosted.org/packages/62/a1/3d680cbfd5f4b8f15abc1d571870c5fc3e594bb582bc3b64ea099db13e56/jinja2-3.1.6-py3-none-any.whl", hash = "sha256:85ece4451f492d0c13c5dd7c13a64681a86afae63a5f347908daf103ce6d2f67", size = 134899, upload-time = "2025-03-05T20:05:00.369Z" },
]

[[package]]
name = "markdown"
version = "3.10.2"
source = { registry = "https://pypi.org/simple" }
sdist = { url = "https://files.pythonhosted.org/packages/2b/f4/69fa6ed85ae003c2378ffa8f6d2e3234662abd02c10d216c0ba96081a238/markdown-3.10.2.tar.gz", hash = "sha256:994d51325d25ad8aa7ce4ebaec003febcce822c3f8c911e3b17c52f7f589f950", size = 368805, upload-time = "2026-02-09T14:57:26.942Z" }
wheels = [
    { url = "https://files.pythonhosted.org/packages/de/1f/77fa3081e4f66ca3576c896ae5d31c3002ac6607f9747d2e3aa49227e464/markdown-3.10.2-py3-none-any.whl", hash = "sha256:e91464b71ae3ee7afd3017d9f358ef0baf158fd9a298db92f1d4761133824c36", size = 108180, upload-time = "2026-02-09T14:57:25.787Z" },
]

[[package]]
name = "markupsafe"
version = "3.0.2"
source = { registry = "https://pypi.org/simple" }
sdist = { url = "https://files.pythonhosted.org/packages/b2/97/5d42485e71dfc078108a86d6de8fa46db44a1a9295e89c5d6d4a06e23a62/markupsafe-3.0.2.tar.gz", hash = "sha256:ee55d3edf80167e48ea11a923c7386f4669df67d7994554387f84e7d8b0a2bf0", size = 20537, upload-time = "2024-10-18T15:21:54.129Z" }
wheels = [
    { url = "https://files.pythonhosted.org/packages/22/09/d1f21434c97fc42f09d290cbb6350d44eb12f09cc62c9476effdb33a18aa/MarkupSafe-3.0.2-cp312-cp312-macosx_10_13_universal2.whl", hash = "sha256:9778bd8ab0a994ebf6f84c2b949e65736d5575320a17ae8984a77fab08db94cf", size = 14274, upload-time = "2024-10-18T15:21:13.777Z" },
    { url = "https://files.pythonhosted.org/packages/6b/b0/18f76bba336fa5aecf79d45dcd6c806c280ec44538b3c13671d49099fdd0/MarkupSafe-3.0.2-cp312-cp312-macosx_11_0_arm64.whl", hash = "sha256:846ade7b71e3536c4e56b386c2a47adf5741d2d8b94ec9dc3e92e5e1ee1e2225", size = 12348, upload-time = "2024-10-18T15:21:14.822Z" },
    { url = "https://files.pythonhosted.org/packages/e0/25/dd5c0f6ac1311e9b40f4af06c78efde0f3b5cbf02502f8ef9501294c425b/MarkupSafe-3.0.2-cp312-cp312-manylinux_2_17_aarch64.manylinux2014_aarch64.whl", hash = "sha256:1c99d261bd2d5f6b59325c92c73df481e05e57f19837bdca8413b9eac4bd8028", size = 24149, upload-time = "2024-10-18T15:21:15.642Z" },
    { url = "https://files.pythonhosted.org/packages/f3/f0/89e7aadfb3749d0f52234a0c8c7867877876e0a20b60e2188e9850794c17/MarkupSafe-3.0.2-cp312-cp312-manylinux_2_17_x86_64.manylinux2014_x86_64.whl", hash = "sha256:e17c96c14e19278594aa4841ec148115f9c7615a47382ecb6b82bd8fea3ab0c8", size = 23118, upload-time = "2024-10-18T15:21:17.133Z" },
    { url = "https://files.pythonhosted.org/packages/d5/da/f2eeb64c723f5e3777bc081da884b414671982008c47dcc1873d81f625b6/MarkupSafe-3.0.2-cp312-cp312-manylinux_2_5_i686.manylinux1_i686.manylinux_2_17_i686.manylinux2014_i686.whl", hash = "sha256:88416bd1e65dcea10bc7569faacb2c20ce071dd1f87539ca2ab364bf6231393c", size = 22993, upload-time = "2024-10-18T15:21:18.064Z" },
    { url = "https://files.pythonhosted.org/packages/da/0e/1f32af846df486dce7c227fe0f2398dc7e2e51d4a370508281f3c1c5cddc/MarkupSafe-3.0.2-cp312-cp312-musllinux_1_2_aarch64.whl", hash = "sha256:2181e67807fc2fa785d0592dc2d6206c019b9502410671cc905d132a92866557", size = 24178, upload-time = "2024-10-18T15:21:18.859Z" },
    { url = "https://files.pythonhosted.org/packages/c4/f6/bb3ca0532de8086cbff5f06d137064c8410d10779c4c127e0e47d17c0b71/MarkupSafe-3.0.2-cp312-cp312-musllinux_1_2_i686.whl", hash = "sha256:52305740fe773d09cffb16f8ed0427942901f00adedac82ec8b67752f58a1b22", size = 23319, upload-time = "2024-10-18T15:21:19.671Z" },
    { url = "https://files.pythonhosted.org/packages/a2/82/8be4c96ffee03c5b4a034e60a31294daf481e12c7c43ab8e34a1453ee48b/MarkupSafe-3.0.2-cp312-cp312-musllinux_1_2_x86_64.whl", hash = "sha256:ad10d3ded218f1039f11a75f8091880239651b52e9bb592ca27de44eed242a48", size = 23352, upload-time = "2024-10-18T15:21:20.971Z" },
    { url = "https://files.pythonhosted.org/packages/51/ae/97827349d3fcffee7e184bdf7f41cd6b88d9919c80f0263ba7acd1bbcb18/MarkupSafe-3.0.2-cp312-cp312-win32.whl", hash = "sha256:0f4ca02bea9a23221c0182836703cbf8930c5e9454bacce27e767509fa286a30", size = 15097, upload-time = "2024-10-18T15:21:22.646Z" },
    { url = "https://files.pythonhosted.org/packages/c1/80/a61f99dc3a936413c3ee4e1eecac96c0da5ed07ad56fd975f1a9da5bc630/MarkupSafe-3.0.2-cp312-cp312-win_amd64.whl", hash = "sha256:8e06879fc22a25ca47312fbe7c8264eb0b662f6db27cb2d3bbbc74b1df4b9b87", size = 15601, upload-time = "2024-10-18T15:21:23.499Z" },
    { url = "https://files.pythonhosted.org/packages/83/0e/67eb10a7ecc77a0c2bbe2b0235765b98d164d81600746914bebada795e97/MarkupSafe-3.0.2-cp313-cp313-macosx_10_13_universal2.whl", hash = "sha256:ba9527cdd4c926ed0760bc301f6728ef34d841f405abf9d4f959c478421e4efd", size = 14274, upload-time = "2024-10-18T15:21:24.577Z" },
    { url = "https://files.pythonhosted.org/packages/2b/6d/9409f3684d3335375d04e5f05744dfe7e9f120062c9857df4ab490a1031a/MarkupSafe-3.0.2-cp313-cp313-macosx_11_0_arm64.whl", hash = "sha256:f8b3d067f2e40fe93e1ccdd6b2e1d16c43140e76f02fb1319a05cf2b79d99430", size = 12352, upload-time = "2024-10-18T15:21:25.382Z" },
    { url = "https://files.pythonhosted.org/packages/d2/f5/6eadfcd3885ea85fe2a7c128315cc1bb7241e1987443d78c8fe712d03091/MarkupSafe-3.0.2-cp313-cp313-manylinux_2_17_aarch64.manylinux2014_aarch64.whl", hash = "sha256:569511d3b58c8791ab4c2e1285575265991e6d8f8700c7be0e88f86cb0672094", size = 24122, upload-time = "2024-10-18T15:21:26.199Z" },
    { url = "https://files.pythonhosted.org/packages/0c/91/96cf928db8236f1bfab6ce15ad070dfdd02ed88261c2afafd4b43575e9e9/MarkupSafe-3.0.2-cp313-cp313-manylinux_2_17_x86_64.manylinux2014_x86_64.whl", hash = "sha256:15ab75ef81add55874e7ab7055e9c397312385bd9ced94920f2802310c930396", size = 23085, upload-time = "2024-10-18T15:21:27.029Z" },
    { url = "https://files.pythonhosted.org/packages/c2/cf/c9d56af24d56ea04daae7ac0940232d31d5a8354f2b457c6d856b2057d69/MarkupSafe-3.0.2-cp313-cp313-manylinux_2_5_i686.manylinux1_i686.manylinux_2_17_i686.manylinux2014_i686.whl", hash = "sha256:f3818cb119498c0678015754eba762e0d61e5b52d34c8b13d770f0719f7b1d79", size = 22978, upload-time = "2024-10-18T15:21:27.846Z" },
    { url = "https://files.pythonhosted.org/packages/2a/9f/8619835cd6a711d6272d62abb78c033bda638fdc54c4e7f4272cf1c0962b/MarkupSafe-3.0.2-cp313-cp313-musllinux_1_2_aarch64.whl", hash = "sha256:cdb82a876c47801bb54a690c5ae105a46b392ac6099881cdfb9f6e95e4014c6a", size = 24208, upload-time = "2024-10-18T15:21:28.744Z" },
    { url = "https://files.pythonhosted.org/packages/f9/bf/176950a1792b2cd2102b8ffeb5133e1ed984547b75db47c25a67d3359f77/MarkupSafe-3.0.2-cp313-cp313-musllinux_1_2_i686.whl", hash = "sha256:cabc348d87e913db6ab4aa100f01b08f481097838bdddf7c7a84b7575b7309ca", size = 23357, upload-time = "2024-10-18T15:21:29.545Z" },
    { url = "https://files.pythonhosted.org/packages/ce/4f/9a02c1d335caabe5c4efb90e1b6e8ee944aa245c1aaaab8e8a618987d816/MarkupSafe-3.0.2-cp313-cp313-musllinux_1_2_x86_64.whl", hash = "sha256:444dcda765c8a838eaae23112db52f1efaf750daddb2d9ca300bcae1039adc5c", size = 23344, upload-time = "2024-10-18T15:21:30.366Z" },
    { url = "https://files.pythonhosted.org/packages/ee/55/c271b57db36f748f0e04a759ace9f8f759ccf22b4960c270c78a394f58be/MarkupSafe-3.0.2-cp313-cp313-win32.whl", hash = "sha256:bcf3e58998965654fdaff38e58584d8937aa3096ab5354d493c77d1fdd66d7a1", size = 15101, upload-time = "2024-10-18T15:21:31.207Z" },
    { url = "https://files.pythonhosted.org/packages/29/88/07df22d2dd4df40aba9f3e402e6dc1b8ee86297dddbad4872bd5e7b0094f/MarkupSafe-3.0.2-cp313-cp313-win_amd64.whl", hash = "sha256:e6a2a455bd412959b57a172ce6328d2dd1f01cb2135efda2e4576e8a23fa3b0f", size = 15603, upload-time = "2024-10-18T15:21:32.032Z" },
    { url = "https://files.pythonhosted.org/packages/62/6a/8b89d24db2d32d433dffcd6a8779159da109842434f1dd2f6e71f32f738c/MarkupSafe-3.0.2-cp313-cp313t-macosx_10_13_universal2.whl", hash = "sha256:b5a6b3ada725cea8a5e634536b1b01c30bcdcd7f9c6fff4151548d5bf6b3a36c", size = 14510, upload-time = "2024-10-18T15:21:33.625Z" },
    { url = "https://files.pythonhosted.org/packages/7a/06/a10f955f70a2e5a9bf78d11a161029d278eeacbd35ef806c3fd17b13060d/MarkupSafe-3.0.2-cp313-cp313t-macosx_11_0_arm64.whl", hash = "sha256:a904af0a6162c73e3edcb969eeeb53a63ceeb5d8cf642fade7d39e7963a22ddb", size = 12486, upload-time = "2024-10-18T15:21:34.611Z" },
    { url = "https://files.pythonhosted.org/packages/34/cf/65d4a571869a1a9078198ca28f39fba5fbb910f952f9dbc5220afff9f5e6/MarkupSafe-3.0.2-cp313-cp313t-manylinux_2_17_aarch64.manylinux2014_aarch64.whl", hash = "sha256:4aa4e5faecf353ed117801a068ebab7b7e09ffb6e1d5e412dc852e0da018126c", size = 25480, upload-time = "2024-10-18T15:21:35.398Z" },
    { url = "https://files.pythonhosted.org/packages/0c/e3/90e9651924c430b885468b56b3d597cabf6d72be4b24a0acd1fa0e12af67/MarkupSafe-3.0.2-cp313-cp313t-manylinux_2_17_x86_64.manylinux2014_x86_64.whl", hash = "sha256:c0ef13eaeee5b615fb07c9a7dadb38eac06a0608b41570d8ade51c56539e509d", size = 23914, upload-time = "2024-10-18T15:21:36.231Z" },
    { url = "https://files.pythonhosted.org/packages/66/8c/6c7cf61f95d63bb866db39085150df1f2a5bd3335298f14a66b48e92659c/MarkupSafe-3.0.2-cp313-cp313t-manylinux_2_5_i686.manylinux1_i686.manylinux_2_17_i686.manylinux2014_i686.whl", hash = "sha256:d16a81a06776313e817c951135cf7340a3e91e8c1ff2fac444cfd75fffa04afe", size = 23796, upload-time = "2024-10-18T15:21:37.073Z" },
    { url = "https://files.pythonhosted.org/packages/bb/35/cbe9238ec3f47ac9a7c8b3df7a808e7cb50fe149dc7039f5f454b3fba218/MarkupSafe-3.0.2-cp313-cp313t-musllinux_1_2_aarch64.whl", hash = "sha256:6381026f158fdb7c72a168278597a5e3a5222e83ea18f543112b2662a9b699c5", size = 25473, upload-time = "2024-10-18T15:21:37.932Z" },
    { url = "https://files.pythonhosted.org/packages/e6/32/7621a4382488aa283cc05e8984a9c219abad3bca087be9ec77e89939ded9/MarkupSafe-3.0.2-cp313-cp313t-musllinux_1_2_i686.whl", hash = "sha256:3d79d162e7be8f996986c064d1c7c817f6df3a77fe3d6859f6f9e7be4b8c213a", size = 24114, upload-time = "2024-10-18T15:21:39.799Z" },
    { url = "https://files.pythonhosted.org/packages/0d/80/0985960e4b89922cb5a0bac0ed39c5b96cbc1a536a99f30e8c220a996ed9/MarkupSafe-3.0.2-cp313-cp313t-musllinux_1_2_x86_64.whl", hash = "sha256:131a3c7689c85f5ad20f9f6fb1b866f402c445b220c19fe4308c0b147ccd2ad9", size = 24098, upload-time = "2024-10-18T15:21:40.813Z" },
    { url = "https://files.pythonhosted.org/packages/82/78/fedb03c7d5380df2427038ec8d973587e90561b2d90cd472ce9254cf348b/MarkupSafe-3.0.2-cp313-cp313t-win32.whl", hash = "sha256:ba8062ed2cf21c07a9e295d5b8a2a5ce678b913b45fdf68c32d95d6c1291e0b6", size = 15208, upload-time = "2024-10-18T15:21:41.814Z" },
    { url = "https://files.pythonhosted.org/packages/4f/65/6079a46068dfceaeabb5dcad6d674f5f5c61a6fa5673746f42a9f4c233b3/MarkupSafe-3.0.2-cp313-cp313t-win_amd64.whl", hash = "sha256:e444a31f8db13eb18ada366ab3cf45fd4b31e4db1236a4448f68778c1d1a5a2f", size = 15739, upload-time = "2024-10-18T15:21:42.784Z" },
]

[[package]]
name = "packaging"
version = "25.0"
source = { registry = "https://pypi.org/simple" }
sdist = { url = "https://files.pythonhosted.org/packages/a1/d4/1fc4078c65507b51b96ca8f8c3ba19e6a61c8253c72794544580a7b6c24d/packaging-25.0.tar.gz", hash = "sha256:d443872c98d677bf60f6a1f2f8c1cb748e8fe762d2bf9d3148b5599295b0fc4f", size = 165727, upload-time = "2025-04-19T11:48:59.673Z" }
wheels = [
    { url = "https://files.pythonhosted.org/packages/20/12/38679034af332785aac8774540895e234f4d07f7545804097de4b666afd8/packaging-25.0-py3-none-any.whl", hash = "sha256:29572ef2b1f17581046b3a2227d5c611fb25ec70ca1ba8554b24b0e69331a484", size = 66469, upload-time = "2025-04-19T11:48:57.875Z" },
]

[[package]]
name = "pluggy"
version = "1.6.0"
source = { registry = "https://pypi.org/simple" }
sdist = { url = "https://files.pythonhosted.org/packages/f9/e2/3e91f31a7d2b083fe6ef3fa267035b518369d9511ffab804f839851d2779/pluggy-1.6.0.tar.gz", hash = "sha256:7dcc130b76258d33b90f61b658791dede3486c3e6bfb003ee5c9bfb396dd22f3", size = 69412, upload-time = "2025-05-15T12:30:07.975Z" }
wheels = [
    { url = "https://files.pythonhosted.org/packages/54/20/4d324d65cc6d9205fabedc306948156824eb9f0ee1633355a8f7ec5c66bf/pluggy-1.6.0-py3-none-any.whl", hash = "sha256:e920276dd6813095e9377c0bc5566d94c932c33b27a3e3945d8389c374dd4746", size = 20538, upload-time = "2025-05-15T12:30:06.134Z" },
]

[[package]]
name = "pygments"
version = "2.19.2"
source = { registry = "https://pypi.org/simple" }
sdist = { url = "https://files.pythonhosted.org/packages/b0/77/a5b8c569bf593b0140bde72ea885a803b82086995367bf2037de0159d924/pygments-2.19.2.tar.gz", hash = "sha256:636cb2477cec7f8952536970bc533bc43743542f70392ae026374600add5b887", size = 4968631, upload-time = "2025-06-21T13:39:12.283Z" }
wheels = [
    { url = "https://files.pythonhosted.org/packages/c7/21/705964c7812476f378728bdf590ca4b771ec72385c533964653c68e86bdc/pygments-2.19.2-py3-none-any.whl", hash = "sha256:86540386c03d588bb81d44bc3928634ff26449851e99741617ecb9037ee5ec0b", size = 1225217, upload-time = "2025-06-21T13:39:07.939Z" },
]

[[package]]
name = "pytest"
version = "9.1.1"
source = { registry = "https://pypi.org/simple" }
dependencies = [
    { name = "colorama", marker = "sys_platform == 'win32'" },
    { name = "iniconfig" },
    { name = "packaging" },
    { name = "pluggy" },
    { name = "pygments" },
]
sdist = { url = "https://files.pythonhosted.org/packages/e4/47/b9efed96c114afcfa3c9d3fe98a76a1d14c74a9e266d397cf6eb64be5e01/pytest-9.1.1.tar.gz", hash = "sha256:1088fbde8f2b49d95a549a195707afa7a76a3ce9bcadc26b6d71f0ffda5fe313", size = 1636369, upload-time = "2026-06-19T10:58:32.857Z" }
wheels = [
    { url = "https://files.pythonhosted.org/packages/24/25/1de2678b631f5a49215c6c96fff41ba892b0a34df68d6d80292b1b48aa7f/pytest-9.1.1-py3-none-any.whl", hash = "sha256:37a86b45efb9a47a61a36449063e8e18d0cab3161329fc099eb21783169c4f0c", size = 386536, upload-time = "2026-06-19T10:58:31.347Z" },
]

[[package]]
name = "pytest-cov"
version = "7.1.0"
source = { registry = "https://pypi.org/simple" }
dependencies = [
    { name = "coverage" },
    { name = "pluggy" },
    { name = "pytest" },
]
sdist = { url = "https://files.pythonhosted.org/packages/b1/51/a849f96e117386044471c8ec2bd6cfebacda285da9525c9106aeb28da671/pytest_cov-7.1.0.tar.gz", hash = "sha256:30674f2b5f6351aa09702a9c8c364f6a01c27aae0c1366ae8016160d1efc56b2", size = 55592, upload-time = "2026-03-21T20:11:16.284Z" }
wheels = [
    { url = "https://files.pythonhosted.org/packages/9d/7a/d968e294073affff457b041c2be9868a40c1c71f4a35fcc1e45e5493067b/pytest_cov-7.1.0-py3-none-any.whl", hash = "sha256:a0461110b7865f9a271aa1b51e516c9a95de9d696734a2f71e3e78f46e1d4678", size = 22876, upload-time = "2026-03-21T20:11:14.438Z" },
]

[[package]]
name = "soupsieve"
version = "2.8.4"
source = { registry = "https://pypi.org/simple" }
sdist = { url = "https://files.pythonhosted.org/packages/47/2c/0a5f6f8ee0d5589e48c7640213ed5175d52cf540a06725b628cc1a45d6ce/soupsieve-2.8.4.tar.gz", hash = "sha256:e121fd02e975c695e4e9e8774a5ee35d74714b59307868dcc5319ad2d9e3328e", size = 121110, upload-time = "2026-05-24T13:55:57.154Z" }
wheels = [
    { url = "https://files.pythonhosted.org/packages/5e/f5/0c41cb68dcae6b7de4fac4188a3a9589e21fb31df21ea3a2e888db95e6c9/soupsieve-2.8.4-py3-none-any.whl", hash = "sha256:e7e6b0769c8f51ed59acab6e994b00621096cfb1c640a7509295987388fbaf65", size = 37304, upload-time = "2026-05-24T13:55:55.406Z" },
]

[[package]]
name = "typing-extensions"
version = "4.16.0"
source = { registry = "https://pypi.org/simple" }
sdist = { url = "https://files.pythonhosted.org/packages/f6/cc/6253133b5bb138fc3306cebfbda2c520f545d36b5be2c7255cc528bb45d6/typing_extensions-4.16.0.tar.gz", hash = "sha256:dc983d19a509c94dba722ee6abd33940f7c05a89e243c47e907eb4db6f1a43e5", size = 113555, upload-time = "2026-07-02T08:40:05.92Z" }
wheels = [
    { url = "https://files.pythonhosted.org/packages/49/d3/b8441a820a491ddfc024b0b0cf0393375b75ea13866d9c66727e54c2fc80/typing_extensions-4.16.0-py3-none-any.whl", hash = "sha256:481caa481374e813c1b176ada14e97f1f67a4539ce9cfeb3f350d78d6370c2e8", size = 45571, upload-time = "2026-07-02T08:40:04.659Z" },
]
